
Microsoft Visual Studio Solution File, Format Version 12.00
# Visual Studio 15
VisualStudioVersion = 15.0.26124.0
MinimumVisualStudioVersion = 15.0.26124.0
Project("{2150E333-8FDC-42A3-9474-1A3956D46DE8}") = "PingPong", "PingPong", "{0A715DE2-3B59-42B0-8708-156C468DC3EB}"
ProjectSection(SolutionItems) = preProject
	PingPong\README.md = PingPong\README.md
EndProjectSection
EndProject
Project("{FAE04EC0-301F-11D3-BF4B-00C04F79EFBC}") = "Pinger", "PingPong\Pinger\Pinger.csproj", "{38EAD71D-60EB-4A01-9A6E-F79CD8C50CE1}"
EndProject
Project("{FAE04EC0-301F-11D3-BF4B-00C04F79EFBC}") = "Ponger", "PingPong\Ponger\Ponger.csproj", "{CA6EC545-F275-47E9-AC9D-0F65E6AB8F01}"
EndProject
Project("{2150E333-8FDC-42A3-9474-1A3956D46DE8}") = "PingPongWithRabbitMQ", "PingPongWithRabbitMQ", "{C2122DC1-A4EF-4D5A-B23C-FC7F7E4DA881}"
ProjectSection(SolutionItems) = preProject
	PingPong\README.md = PingPong\README.md
EndProjectSection
EndProject
Project("{FAE04EC0-301F-11D3-BF4B-00C04F79EFBC}") = "Pinger", "PingPongWithRabbitMQ\Pinger\Pinger.csproj", "{BEEF9562-2AB8-4CB7-A498-8C223817CD37}"
EndProject
Project("{FAE04EC0-301F-11D3-BF4B-00C04F79EFBC}") = "Ponger", "PingPongWithRabbitMQ\Ponger\Ponger.csproj", "{A9A132E5-91DC-4E81-AEEB-43E0BC2F655A}"
EndProject
Project("{2150E333-8FDC-42A3-9474-1A3956D46DE8}") = "InMemoryMediatorWithEFCoreAndSqlServer", "InMemoryMediatorWithEFCoreAndSqlServer", "{4F802070-AE2E-4D2E-B173-DD9AE5A35A46}"
EndProject
Project("{FAE04EC0-301F-11D3-BF4B-00C04F79EFBC}") = "InMemoryMediator", "InMemoryMediator\InMemoryMediator.csproj", "{ABEFE596-C0E6-4FC0-9014-695B17C40DAA}"
EndProject
Project("{2150E333-8FDC-42A3-9474-1A3956D46DE8}") = "MediatorWithMarten", "MediatorWithMarten", "{09B23106-6B76-4825-9CD3-BDB6CF441251}"
ProjectSection(SolutionItems) = preProject
	Items\UseJasperAsMediatorController.cs = Items\UseJasperAsMediatorController.cs
	Items\ItemsDbContext.cs = Items\ItemsDbContext.cs
	Items\ItemHandler.cs = Items\ItemHandler.cs
	Items\CreateItemCommand.cs = Items\CreateItemCommand.cs
	Items\Item.cs = Items\Item.cs
	Items\ItemCreated.cs = Items\ItemCreated.cs
	Items\DoItAllMyselfItemController.cs = Items\DoItAllMyselfItemController.cs
	Items\WithResponseController.cs = Items\WithResponseController.cs
EndProjectSection
EndProject
Project("{FAE04EC0-301F-11D3-BF4B-00C04F79EFBC}") = "MediatorWithMarten", "MediatorWithMarten\MediatorWithMarten\MediatorWithMarten.csproj", "{2B45DF1F-D199-40E0-B3A7-401636A03DE6}"
EndProject
Project("{2150E333-8FDC-42A3-9474-1A3956D46DE8}") = "PingPongWithAzureServiceBus", "PingPongWithAzureServiceBus", "{D00D5440-75F3-4719-9D1D-D3B2F45D71DF}"
EndProject
Project("{FAE04EC0-301F-11D3-BF4B-00C04F79EFBC}") = "Pinger", "PingPongWithAzureServiceBus\Pinger\Pinger.csproj", "{B2C2F0AE-B5AA-41AB-B901-E037F77A97E2}"
EndProject
Project("{FAE04EC0-301F-11D3-BF4B-00C04F79EFBC}") = "Ponger", "PingPongWithAzureServiceBus\Ponger\Ponger.csproj", "{BB5BB672-FFC1-4007-90C0-B01AF7503296}"
EndProject
Project("{2150E333-8FDC-42A3-9474-1A3956D46DE8}") = "PingPongWithSqlServerPersistence", "PingPongWithSqlServerPersistence", "{866B9EF9-5990-44CF-BC0B-97C97DA99017}"
EndProject
Project("{FAE04EC0-301F-11D3-BF4B-00C04F79EFBC}") = "Pinger", "PingPongWithSqlServerPersistence\Pinger\Pinger.csproj", "{A9ABF143-1FEF-44E4-977E-BC5914829AAA}"
EndProject
Project("{FAE04EC0-301F-11D3-BF4B-00C04F79EFBC}") = "Ponger", "PingPongWithSqlServerPersistence\Ponger\Ponger.csproj", "{37C6A87F-3EBB-49A1-9A05-D1C52C9BE6FD}"
EndProject
Project("{2150E333-8FDC-42A3-9474-1A3956D46DE8}") = "PingPongWithPostgresqlPersistence", "PingPongWithPostgresqlPersistence", "{0D08BFA6-02E0-4D0C-A987-71C48D327B85}"
EndProject
Project("{FAE04EC0-301F-11D3-BF4B-00C04F79EFBC}") = "Pinger", "PingPongWithPostgresqlPersistence\Pinger\Pinger.csproj", "{4535987F-1299-4903-A0A0-E5CE5488EB01}"
EndProject
Project("{FAE04EC0-301F-11D3-BF4B-00C04F79EFBC}") = "Ponger", "PingPongWithPostgresqlPersistence\Ponger\Ponger.csproj", "{A3A1C547-3C1D-45AA-A1F8-474B17865A8E}"
EndProject
Global
	GlobalSection(SolutionConfigurationPlatforms) = preSolution
		Debug|Any CPU = Debug|Any CPU
		Debug|x64 = Debug|x64
		Debug|x86 = Debug|x86
		Release|Any CPU = Release|Any CPU
		Release|x64 = Release|x64
		Release|x86 = Release|x86
	EndGlobalSection
	GlobalSection(SolutionProperties) = preSolution
		HideSolutionNode = FALSE
	EndGlobalSection
	GlobalSection(NestedProjects) = preSolution
		{38EAD71D-60EB-4A01-9A6E-F79CD8C50CE1} = {0A715DE2-3B59-42B0-8708-156C468DC3EB}
		{CA6EC545-F275-47E9-AC9D-0F65E6AB8F01} = {0A715DE2-3B59-42B0-8708-156C468DC3EB}
		{BEEF9562-2AB8-4CB7-A498-8C223817CD37} = {C2122DC1-A4EF-4D5A-B23C-FC7F7E4DA881}
		{A9A132E5-91DC-4E81-AEEB-43E0BC2F655A} = {C2122DC1-A4EF-4D5A-B23C-FC7F7E4DA881}
		{ABEFE596-C0E6-4FC0-9014-695B17C40DAA} = {4F802070-AE2E-4D2E-B173-DD9AE5A35A46}
		{2B45DF1F-D199-40E0-B3A7-401636A03DE6} = {09B23106-6B76-4825-9CD3-BDB6CF441251}
		{B2C2F0AE-B5AA-41AB-B901-E037F77A97E2} = {D00D5440-75F3-4719-9D1D-D3B2F45D71DF}
		{BB5BB672-FFC1-4007-90C0-B01AF7503296} = {D00D5440-75F3-4719-9D1D-D3B2F45D71DF}
		{A9ABF143-1FEF-44E4-977E-BC5914829AAA} = {866B9EF9-5990-44CF-BC0B-97C97DA99017}
		{37C6A87F-3EBB-49A1-9A05-D1C52C9BE6FD} = {866B9EF9-5990-44CF-BC0B-97C97DA99017}
		{4535987F-1299-4903-A0A0-E5CE5488EB01} = {0D08BFA6-02E0-4D0C-A987-71C48D327B85}
		{A3A1C547-3C1D-45AA-A1F8-474B17865A8E} = {0D08BFA6-02E0-4D0C-A987-71C48D327B85}
	EndGlobalSection
	GlobalSection(ProjectConfigurationPlatforms) = postSolution
		{38EAD71D-60EB-4A01-9A6E-F79CD8C50CE1}.Debug|Any CPU.ActiveCfg = Debug|Any CPU
		{38EAD71D-60EB-4A01-9A6E-F79CD8C50CE1}.Debug|Any CPU.Build.0 = Debug|Any CPU
		{38EAD71D-60EB-4A01-9A6E-F79CD8C50CE1}.Debug|x64.ActiveCfg = Debug|Any CPU
		{38EAD71D-60EB-4A01-9A6E-F79CD8C50CE1}.Debug|x64.Build.0 = Debug|Any CPU
		{38EAD71D-60EB-4A01-9A6E-F79CD8C50CE1}.Debug|x86.ActiveCfg = Debug|Any CPU
		{38EAD71D-60EB-4A01-9A6E-F79CD8C50CE1}.Debug|x86.Build.0 = Debug|Any CPU
		{38EAD71D-60EB-4A01-9A6E-F79CD8C50CE1}.Release|Any CPU.ActiveCfg = Release|Any CPU
		{38EAD71D-60EB-4A01-9A6E-F79CD8C50CE1}.Release|Any CPU.Build.0 = Release|Any CPU
		{38EAD71D-60EB-4A01-9A6E-F79CD8C50CE1}.Release|x64.ActiveCfg = Release|Any CPU
		{38EAD71D-60EB-4A01-9A6E-F79CD8C50CE1}.Release|x64.Build.0 = Release|Any CPU
		{38EAD71D-60EB-4A01-9A6E-F79CD8C50CE1}.Release|x86.ActiveCfg = Release|Any CPU
		{38EAD71D-60EB-4A01-9A6E-F79CD8C50CE1}.Release|x86.Build.0 = Release|Any CPU
		{CA6EC545-F275-47E9-AC9D-0F65E6AB8F01}.Debug|Any CPU.ActiveCfg = Debug|Any CPU
		{CA6EC545-F275-47E9-AC9D-0F65E6AB8F01}.Debug|Any CPU.Build.0 = Debug|Any CPU
		{CA6EC545-F275-47E9-AC9D-0F65E6AB8F01}.Debug|x64.ActiveCfg = Debug|Any CPU
		{CA6EC545-F275-47E9-AC9D-0F65E6AB8F01}.Debug|x64.Build.0 = Debug|Any CPU
		{CA6EC545-F275-47E9-AC9D-0F65E6AB8F01}.Debug|x86.ActiveCfg = Debug|Any CPU
		{CA6EC545-F275-47E9-AC9D-0F65E6AB8F01}.Debug|x86.Build.0 = Debug|Any CPU
		{CA6EC545-F275-47E9-AC9D-0F65E6AB8F01}.Release|Any CPU.ActiveCfg = Release|Any CPU
		{CA6EC545-F275-47E9-AC9D-0F65E6AB8F01}.Release|Any CPU.Build.0 = Release|Any CPU
		{CA6EC545-F275-47E9-AC9D-0F65E6AB8F01}.Release|x64.ActiveCfg = Release|Any CPU
		{CA6EC545-F275-47E9-AC9D-0F65E6AB8F01}.Release|x64.Build.0 = Release|Any CPU
		{CA6EC545-F275-47E9-AC9D-0F65E6AB8F01}.Release|x86.ActiveCfg = Release|Any CPU
		{CA6EC545-F275-47E9-AC9D-0F65E6AB8F01}.Release|x86.Build.0 = Release|Any CPU
		{BEEF9562-2AB8-4CB7-A498-8C223817CD37}.Debug|Any CPU.ActiveCfg = Debug|Any CPU
		{BEEF9562-2AB8-4CB7-A498-8C223817CD37}.Debug|Any CPU.Build.0 = Debug|Any CPU
		{BEEF9562-2AB8-4CB7-A498-8C223817CD37}.Debug|x64.ActiveCfg = Debug|Any CPU
		{BEEF9562-2AB8-4CB7-A498-8C223817CD37}.Debug|x64.Build.0 = Debug|Any CPU
		{BEEF9562-2AB8-4CB7-A498-8C223817CD37}.Debug|x86.ActiveCfg = Debug|Any CPU
		{BEEF9562-2AB8-4CB7-A498-8C223817CD37}.Debug|x86.Build.0 = Debug|Any CPU
		{BEEF9562-2AB8-4CB7-A498-8C223817CD37}.Release|Any CPU.ActiveCfg = Release|Any CPU
		{BEEF9562-2AB8-4CB7-A498-8C223817CD37}.Release|Any CPU.Build.0 = Release|Any CPU
		{BEEF9562-2AB8-4CB7-A498-8C223817CD37}.Release|x64.ActiveCfg = Release|Any CPU
		{BEEF9562-2AB8-4CB7-A498-8C223817CD37}.Release|x64.Build.0 = Release|Any CPU
		{BEEF9562-2AB8-4CB7-A498-8C223817CD37}.Release|x86.ActiveCfg = Release|Any CPU
		{BEEF9562-2AB8-4CB7-A498-8C223817CD37}.Release|x86.Build.0 = Release|Any CPU
		{A9A132E5-91DC-4E81-AEEB-43E0BC2F655A}.Debug|Any CPU.ActiveCfg = Debug|Any CPU
		{A9A132E5-91DC-4E81-AEEB-43E0BC2F655A}.Debug|Any CPU.Build.0 = Debug|Any CPU
		{A9A132E5-91DC-4E81-AEEB-43E0BC2F655A}.Debug|x64.ActiveCfg = Debug|Any CPU
		{A9A132E5-91DC-4E81-AEEB-43E0BC2F655A}.Debug|x64.Build.0 = Debug|Any CPU
		{A9A132E5-91DC-4E81-AEEB-43E0BC2F655A}.Debug|x86.ActiveCfg = Debug|Any CPU
		{A9A132E5-91DC-4E81-AEEB-43E0BC2F655A}.Debug|x86.Build.0 = Debug|Any CPU
		{A9A132E5-91DC-4E81-AEEB-43E0BC2F655A}.Release|Any CPU.ActiveCfg = Release|Any CPU
		{A9A132E5-91DC-4E81-AEEB-43E0BC2F655A}.Release|Any CPU.Build.0 = Release|Any CPU
		{A9A132E5-91DC-4E81-AEEB-43E0BC2F655A}.Release|x64.ActiveCfg = Release|Any CPU
		{A9A132E5-91DC-4E81-AEEB-43E0BC2F655A}.Release|x64.Build.0 = Release|Any CPU
		{A9A132E5-91DC-4E81-AEEB-43E0BC2F655A}.Release|x86.ActiveCfg = Release|Any CPU
		{A9A132E5-91DC-4E81-AEEB-43E0BC2F655A}.Release|x86.Build.0 = Release|Any CPU
		{ABEFE596-C0E6-4FC0-9014-695B17C40DAA}.Debug|Any CPU.ActiveCfg = Debug|Any CPU
		{ABEFE596-C0E6-4FC0-9014-695B17C40DAA}.Debug|Any CPU.Build.0 = Debug|Any CPU
		{ABEFE596-C0E6-4FC0-9014-695B17C40DAA}.Debug|x64.ActiveCfg = Debug|Any CPU
		{ABEFE596-C0E6-4FC0-9014-695B17C40DAA}.Debug|x64.Build.0 = Debug|Any CPU
		{ABEFE596-C0E6-4FC0-9014-695B17C40DAA}.Debug|x86.ActiveCfg = Debug|Any CPU
		{ABEFE596-C0E6-4FC0-9014-695B17C40DAA}.Debug|x86.Build.0 = Debug|Any CPU
		{ABEFE596-C0E6-4FC0-9014-695B17C40DAA}.Release|Any CPU.ActiveCfg = Release|Any CPU
		{ABEFE596-C0E6-4FC0-9014-695B17C40DAA}.Release|Any CPU.Build.0 = Release|Any CPU
		{ABEFE596-C0E6-4FC0-9014-695B17C40DAA}.Release|x64.ActiveCfg = Release|Any CPU
		{ABEFE596-C0E6-4FC0-9014-695B17C40DAA}.Release|x64.Build.0 = Release|Any CPU
		{ABEFE596-C0E6-4FC0-9014-695B17C40DAA}.Release|x86.ActiveCfg = Release|Any CPU
		{ABEFE596-C0E6-4FC0-9014-695B17C40DAA}.Release|x86.Build.0 = Release|Any CPU
		{2B45DF1F-D199-40E0-B3A7-401636A03DE6}.Debug|Any CPU.ActiveCfg = Debug|Any CPU
		{2B45DF1F-D199-40E0-B3A7-401636A03DE6}.Debug|Any CPU.Build.0 = Debug|Any CPU
		{2B45DF1F-D199-40E0-B3A7-401636A03DE6}.Debug|x64.ActiveCfg = Debug|Any CPU
		{2B45DF1F-D199-40E0-B3A7-401636A03DE6}.Debug|x64.Build.0 = Debug|Any CPU
		{2B45DF1F-D199-40E0-B3A7-401636A03DE6}.Debug|x86.ActiveCfg = Debug|Any CPU
		{2B45DF1F-D199-40E0-B3A7-401636A03DE6}.Debug|x86.Build.0 = Debug|Any CPU
		{2B45DF1F-D199-40E0-B3A7-401636A03DE6}.Release|Any CPU.ActiveCfg = Release|Any CPU
		{2B45DF1F-D199-40E0-B3A7-401636A03DE6}.Release|Any CPU.Build.0 = Release|Any CPU
		{2B45DF1F-D199-40E0-B3A7-401636A03DE6}.Release|x64.ActiveCfg = Release|Any CPU
		{2B45DF1F-D199-40E0-B3A7-401636A03DE6}.Release|x64.Build.0 = Release|Any CPU
		{2B45DF1F-D199-40E0-B3A7-401636A03DE6}.Release|x86.ActiveCfg = Release|Any CPU
		{2B45DF1F-D199-40E0-B3A7-401636A03DE6}.Release|x86.Build.0 = Release|Any CPU
		{B2C2F0AE-B5AA-41AB-B901-E037F77A97E2}.Debug|Any CPU.ActiveCfg = Debug|Any CPU
		{B2C2F0AE-B5AA-41AB-B901-E037F77A97E2}.Debug|Any CPU.Build.0 = Debug|Any CPU
		{B2C2F0AE-B5AA-41AB-B901-E037F77A97E2}.Debug|x64.ActiveCfg = Debug|Any CPU
		{B2C2F0AE-B5AA-41AB-B901-E037F77A97E2}.Debug|x64.Build.0 = Debug|Any CPU
		{B2C2F0AE-B5AA-41AB-B901-E037F77A97E2}.Debug|x86.ActiveCfg = Debug|Any CPU
		{B2C2F0AE-B5AA-41AB-B901-E037F77A97E2}.Debug|x86.Build.0 = Debug|Any CPU
		{B2C2F0AE-B5AA-41AB-B901-E037F77A97E2}.Release|Any CPU.ActiveCfg = Release|Any CPU
		{B2C2F0AE-B5AA-41AB-B901-E037F77A97E2}.Release|Any CPU.Build.0 = Release|Any CPU
		{B2C2F0AE-B5AA-41AB-B901-E037F77A97E2}.Release|x64.ActiveCfg = Release|Any CPU
		{B2C2F0AE-B5AA-41AB-B901-E037F77A97E2}.Release|x64.Build.0 = Release|Any CPU
		{B2C2F0AE-B5AA-41AB-B901-E037F77A97E2}.Release|x86.ActiveCfg = Release|Any CPU
		{B2C2F0AE-B5AA-41AB-B901-E037F77A97E2}.Release|x86.Build.0 = Release|Any CPU
		{BB5BB672-FFC1-4007-90C0-B01AF7503296}.Debug|Any CPU.ActiveCfg = Debug|Any CPU
		{BB5BB672-FFC1-4007-90C0-B01AF7503296}.Debug|Any CPU.Build.0 = Debug|Any CPU
		{BB5BB672-FFC1-4007-90C0-B01AF7503296}.Debug|x64.ActiveCfg = Debug|Any CPU
		{BB5BB672-FFC1-4007-90C0-B01AF7503296}.Debug|x64.Build.0 = Debug|Any CPU
		{BB5BB672-FFC1-4007-90C0-B01AF7503296}.Debug|x86.ActiveCfg = Debug|Any CPU
		{BB5BB672-FFC1-4007-90C0-B01AF7503296}.Debug|x86.Build.0 = Debug|Any CPU
		{BB5BB672-FFC1-4007-90C0-B01AF7503296}.Release|Any CPU.ActiveCfg = Release|Any CPU
		{BB5BB672-FFC1-4007-90C0-B01AF7503296}.Release|Any CPU.Build.0 = Release|Any CPU
		{BB5BB672-FFC1-4007-90C0-B01AF7503296}.Release|x64.ActiveCfg = Release|Any CPU
		{BB5BB672-FFC1-4007-90C0-B01AF7503296}.Release|x64.Build.0 = Release|Any CPU
		{BB5BB672-FFC1-4007-90C0-B01AF7503296}.Release|x86.ActiveCfg = Release|Any CPU
		{BB5BB672-FFC1-4007-90C0-B01AF7503296}.Release|x86.Build.0 = Release|Any CPU
		{A9ABF143-1FEF-44E4-977E-BC5914829AAA}.Debug|Any CPU.ActiveCfg = Debug|Any CPU
		{A9ABF143-1FEF-44E4-977E-BC5914829AAA}.Debug|Any CPU.Build.0 = Debug|Any CPU
		{A9ABF143-1FEF-44E4-977E-BC5914829AAA}.Debug|x64.ActiveCfg = Debug|Any CPU
		{A9ABF143-1FEF-44E4-977E-BC5914829AAA}.Debug|x64.Build.0 = Debug|Any CPU
		{A9ABF143-1FEF-44E4-977E-BC5914829AAA}.Debug|x86.ActiveCfg = Debug|Any CPU
		{A9ABF143-1FEF-44E4-977E-BC5914829AAA}.Debug|x86.Build.0 = Debug|Any CPU
		{A9ABF143-1FEF-44E4-977E-BC5914829AAA}.Release|Any CPU.ActiveCfg = Release|Any CPU
		{A9ABF143-1FEF-44E4-977E-BC5914829AAA}.Release|Any CPU.Build.0 = Release|Any CPU
		{A9ABF143-1FEF-44E4-977E-BC5914829AAA}.Release|x64.ActiveCfg = Release|Any CPU
		{A9ABF143-1FEF-44E4-977E-BC5914829AAA}.Release|x64.Build.0 = Release|Any CPU
		{A9ABF143-1FEF-44E4-977E-BC5914829AAA}.Release|x86.ActiveCfg = Release|Any CPU
		{A9ABF143-1FEF-44E4-977E-BC5914829AAA}.Release|x86.Build.0 = Release|Any CPU
		{37C6A87F-3EBB-49A1-9A05-D1C52C9BE6FD}.Debug|Any CPU.ActiveCfg = Debug|Any CPU
		{37C6A87F-3EBB-49A1-9A05-D1C52C9BE6FD}.Debug|Any CPU.Build.0 = Debug|Any CPU
		{37C6A87F-3EBB-49A1-9A05-D1C52C9BE6FD}.Debug|x64.ActiveCfg = Debug|Any CPU
		{37C6A87F-3EBB-49A1-9A05-D1C52C9BE6FD}.Debug|x64.Build.0 = Debug|Any CPU
		{37C6A87F-3EBB-49A1-9A05-D1C52C9BE6FD}.Debug|x86.ActiveCfg = Debug|Any CPU
		{37C6A87F-3EBB-49A1-9A05-D1C52C9BE6FD}.Debug|x86.Build.0 = Debug|Any CPU
		{37C6A87F-3EBB-49A1-9A05-D1C52C9BE6FD}.Release|Any CPU.ActiveCfg = Release|Any CPU
		{37C6A87F-3EBB-49A1-9A05-D1C52C9BE6FD}.Release|Any CPU.Build.0 = Release|Any CPU
		{37C6A87F-3EBB-49A1-9A05-D1C52C9BE6FD}.Release|x64.ActiveCfg = Release|Any CPU
		{37C6A87F-3EBB-49A1-9A05-D1C52C9BE6FD}.Release|x64.Build.0 = Release|Any CPU
		{37C6A87F-3EBB-49A1-9A05-D1C52C9BE6FD}.Release|x86.ActiveCfg = Release|Any CPU
		{37C6A87F-3EBB-49A1-9A05-D1C52C9BE6FD}.Release|x86.Build.0 = Release|Any CPU
		{4535987F-1299-4903-A0A0-E5CE5488EB01}.Debug|Any CPU.ActiveCfg = Debug|Any CPU
		{4535987F-1299-4903-A0A0-E5CE5488EB01}.Debug|Any CPU.Build.0 = Debug|Any CPU
		{4535987F-1299-4903-A0A0-E5CE5488EB01}.Debug|x64.ActiveCfg = Debug|Any CPU
		{4535987F-1299-4903-A0A0-E5CE5488EB01}.Debug|x64.Build.0 = Debug|Any CPU
		{4535987F-1299-4903-A0A0-E5CE5488EB01}.Debug|x86.ActiveCfg = Debug|Any CPU
		{4535987F-1299-4903-A0A0-E5CE5488EB01}.Debug|x86.Build.0 = Debug|Any CPU
		{4535987F-1299-4903-A0A0-E5CE5488EB01}.Release|Any CPU.ActiveCfg = Release|Any CPU
		{4535987F-1299-4903-A0A0-E5CE5488EB01}.Release|Any CPU.Build.0 = Release|Any CPU
		{4535987F-1299-4903-A0A0-E5CE5488EB01}.Release|x64.ActiveCfg = Release|Any CPU
		{4535987F-1299-4903-A0A0-E5CE5488EB01}.Release|x64.Build.0 = Release|Any CPU
		{4535987F-1299-4903-A0A0-E5CE5488EB01}.Release|x86.ActiveCfg = Release|Any CPU
		{4535987F-1299-4903-A0A0-E5CE5488EB01}.Release|x86.Build.0 = Release|Any CPU
		{A3A1C547-3C1D-45AA-A1F8-474B17865A8E}.Debug|Any CPU.ActiveCfg = Debug|Any CPU
		{A3A1C547-3C1D-45AA-A1F8-474B17865A8E}.Debug|Any CPU.Build.0 = Debug|Any CPU
		{A3A1C547-3C1D-45AA-A1F8-474B17865A8E}.Debug|x64.ActiveCfg = Debug|Any CPU
		{A3A1C547-3C1D-45AA-A1F8-474B17865A8E}.Debug|x64.Build.0 = Debug|Any CPU
		{A3A1C547-3C1D-45AA-A1F8-474B17865A8E}.Debug|x86.ActiveCfg = Debug|Any CPU
		{A3A1C547-3C1D-45AA-A1F8-474B17865A8E}.Debug|x86.Build.0 = Debug|Any CPU
		{A3A1C547-3C1D-45AA-A1F8-474B17865A8E}.Release|Any CPU.ActiveCfg = Release|Any CPU
		{A3A1C547-3C1D-45AA-A1F8-474B17865A8E}.Release|Any CPU.Build.0 = Release|Any CPU
		{A3A1C547-3C1D-45AA-A1F8-474B17865A8E}.Release|x64.ActiveCfg = Release|Any CPU
		{A3A1C547-3C1D-45AA-A1F8-474B17865A8E}.Release|x64.Build.0 = Release|Any CPU
		{A3A1C547-3C1D-45AA-A1F8-474B17865A8E}.Release|x86.ActiveCfg = Release|Any CPU
		{A3A1C547-3C1D-45AA-A1F8-474B17865A8E}.Release|x86.Build.0 = Release|Any CPU
	EndGlobalSection
EndGlobal
