
Microsoft Visual Studio Solution File, Format Version 12.00
# Visual Studio 15
VisualStudioVersion = 15.0.26124.0
MinimumVisualStudioVersion = 15.0.26124.0
Project("{2150E333-8FDC-42A3-9474-1A3956D46DE8}") = "PingPong", "PingPong", "{0A715DE2-3B59-42B0-8708-156C468DC3EB}"
ProjectSection(SolutionItems) = preProject
	PingPong\README.md = PingPong\README.md
EndProjectSection
EndProject
Project("{FAE04EC0-301F-11D3-BF4B-00C04F79EFBC}") = "Pinger", "PingPong\Pinger\Pinger.csproj", "{38EAD71D-60EB-4A01-9A6E-F79CD8C50CE1}"
EndProject
Project("{FAE04EC0-301F-11D3-BF4B-00C04F79EFBC}") = "Ponger", "PingPong\Ponger\Ponger.csproj", "{CA6EC545-F275-47E9-AC9D-0F65E6AB8F01}"
EndProject
Project("{2150E333-8FDC-42A3-9474-1A3956D46DE8}") = "PingPongWithRabbitMQ", "PingPongWithRabbitMQ", "{C2122DC1-A4EF-4D5A-B23C-FC7F7E4DA881}"
ProjectSection(SolutionItems) = preProject
	PingPong\README.md = PingPong\README.md
EndProjectSection
EndProject
Project("{FAE04EC0-301F-11D3-BF4B-00C04F79EFBC}") = "Pinger", "PingPongWithRabbitMQ\Pinger\Pinger.csproj", "{BEEF9562-2AB8-4CB7-A498-8C223817CD37}"
EndProject
Project("{FAE04EC0-301F-11D3-BF4B-00C04F79EFBC}") = "Ponger", "PingPongWithRabbitMQ\Ponger\Ponger.csproj", "{A9A132E5-91DC-4E81-AEEB-43E0BC2F655A}"
EndProject
Project("{2150E333-8FDC-42A3-9474-1A3956D46DE8}") = "InMemoryMediatorWithEFCoreAndSqlServer", "InMemoryMediatorWithEFCoreAndSqlServer", "{4F802070-AE2E-4D2E-B173-DD9AE5A35A46}"
EndProject
Project("{FAE04EC0-301F-11D3-BF4B-00C04F79EFBC}") = "InMemoryMediator", "InMemoryMediator\InMemoryMediator.csproj", "{ABEFE596-C0E6-4FC0-9014-695B17C40DAA}"
EndProject
Project("{2150E333-8FDC-42A3-9474-1A3956D46DE8}") = "PingPongWithAzureServiceBus", "PingPongWithAzureServiceBus", "{D00D5440-75F3-4719-9D1D-D3B2F45D71DF}"
EndProject
Project("{FAE04EC0-301F-11D3-BF4B-00C04F79EFBC}") = "Pinger", "PingPongWithAzureServiceBus\Pinger\Pinger.csproj", "{B2C2F0AE-B5AA-41AB-B901-E037F77A97E2}"
EndProject
Project("{FAE04EC0-301F-11D3-BF4B-00C04F79EFBC}") = "Ponger", "PingPongWithAzureServiceBus\Ponger\Ponger.csproj", "{BB5BB672-FFC1-4007-90C0-B01AF7503296}"
EndProject
Project("{2150E333-8FDC-42A3-9474-1A3956D46DE8}") = "PingPongWithPostgresqlPersistence", "PingPongWithPostgresqlPersistence", "{0D08BFA6-02E0-4D0C-A987-71C48D327B85}"
EndProject
Project("{FAE04EC0-301F-11D3-BF4B-00C04F79EFBC}") = "Pinger", "PingPongWithPostgresqlPersistence\Pinger\Pinger.csproj", "{4535987F-1299-4903-A0A0-E5CE5488EB01}"
EndProject
Project("{FAE04EC0-301F-11D3-BF4B-00C04F79EFBC}") = "Ponger", "PingPongWithPostgresqlPersistence\Ponger\Ponger.csproj", "{A3A1C547-3C1D-45AA-A1F8-474B17865A8E}"
EndProject
Project("{FAE04EC0-301F-11D3-BF4B-00C04F79EFBC}") = "Messages", "PingPong\Messages\Messages.csproj", "{3E838F9D-7C99-45BC-AB13-E525881BFA41}"
EndProject
Project("{2150E333-8FDC-42A3-9474-1A3956D46DE8}") = "Worker", "Worker", "{44AE0CF5-0BDA-4836-9F80-08634FBAAE88}"
EndProject
Project("{FAE04EC0-301F-11D3-BF4B-00C04F79EFBC}") = "Worker", "Worker\Worker.csproj", "{AB94CABC-B32F-4DDE-ADEE-1B250E881AF7}"
EndProject
Project("{2150E333-8FDC-42A3-9474-1A3956D46DE8}") = "MediatorWithMarten", "MediatorWithMarten", "{F574DB90-B414-4E7E-BE0D-3DB4A18B4286}"
EndProject
Project("{2150E333-8FDC-42A3-9474-1A3956D46DE8}") = "PingPongWithSqlServerPersistence", "PingPongWithSqlServerPersistence", "{3A8B883A-7299-42E9-AFE1-920F41ACBB65}"
EndProject
Project("{FAE04EC0-301F-11D3-BF4B-00C04F79EFBC}") = "MediatorWithMarten", "MediatorWithMarten\MediatorWithMarten\MediatorWithMarten.csproj", "{ED5080C7-27C3-443B-89B1-2228B3F7D927}"
EndProject
Project("{FAE04EC0-301F-11D3-BF4B-00C04F79EFBC}") = "Pinger", "PingPongWithSqlServerPersistence\Pinger\Pinger.csproj", "{4DF04C2C-2873-480A-971B-F944CC724031}"
EndProject
Project("{FAE04EC0-301F-11D3-BF4B-00C04F79EFBC}") = "Ponger", "PingPongWithSqlServerPersistence\Ponger\Ponger.csproj", "{9BE0F7C3-3C45-4286-8884-5F0F8EBAE967}"
EndProject
Project("{FAE04EC0-301F-11D3-BF4B-00C04F79EFBC}") = "OaktonDevelopmentCommands", "OaktonDevelopmentCommands\OaktonDevelopmentCommands.csproj", "{E3A49F20-5038-4C9B-8D69-A1F5C857F549}"
EndProject
Project("{2150E333-8FDC-42A3-9474-1A3956D46DE8}") = "AlbaIntegrationTesting", "AlbaIntegrationTesting", "{828AE98D-E78C-41A9-BABE-7BB6713F656B}"
ProjectSection(SolutionItems) = preProject
	AlbaIntegrationTesting\README.md = AlbaIntegrationTesting\README.md
EndProjectSection
EndProject
Project("{FAE04EC0-301F-11D3-BF4B-00C04F79EFBC}") = "WebApplication", "AlbaIntegrationTesting\WebApplication\WebApplication.csproj", "{41DC11DC-BEB6-47C4-B3DF-6D37686E15D4}"
EndProject
Project("{FAE04EC0-301F-11D3-BF4B-00C04F79EFBC}") = "WebApplication.Testing", "AlbaIntegrationTesting\WebApplication.Testing\WebApplication.Testing.csproj", "{F0A02BC0-91EE-410D-8939-8589173DBB92}"
EndProject
Global
	GlobalSection(SolutionConfigurationPlatforms) = preSolution
		Debug|Any CPU = Debug|Any CPU
		Debug|x64 = Debug|x64
		Debug|x86 = Debug|x86
		Release|Any CPU = Release|Any CPU
		Release|x64 = Release|x64
		Release|x86 = Release|x86
	EndGlobalSection
	GlobalSection(SolutionProperties) = preSolution
		HideSolutionNode = FALSE
	EndGlobalSection
	GlobalSection(NestedProjects) = preSolution
		{38EAD71D-60EB-4A01-9A6E-F79CD8C50CE1} = {0A715DE2-3B59-42B0-8708-156C468DC3EB}
		{CA6EC545-F275-47E9-AC9D-0F65E6AB8F01} = {0A715DE2-3B59-42B0-8708-156C468DC3EB}
		{BEEF9562-2AB8-4CB7-A498-8C223817CD37} = {C2122DC1-A4EF-4D5A-B23C-FC7F7E4DA881}
		{A9A132E5-91DC-4E81-AEEB-43E0BC2F655A} = {C2122DC1-A4EF-4D5A-B23C-FC7F7E4DA881}
		{ABEFE596-C0E6-4FC0-9014-695B17C40DAA} = {4F802070-AE2E-4D2E-B173-DD9AE5A35A46}
		{B2C2F0AE-B5AA-41AB-B901-E037F77A97E2} = {D00D5440-75F3-4719-9D1D-D3B2F45D71DF}
		{BB5BB672-FFC1-4007-90C0-B01AF7503296} = {D00D5440-75F3-4719-9D1D-D3B2F45D71DF}
		{4535987F-1299-4903-A0A0-E5CE5488EB01} = {0D08BFA6-02E0-4D0C-A987-71C48D327B85}
		{A3A1C547-3C1D-45AA-A1F8-474B17865A8E} = {0D08BFA6-02E0-4D0C-A987-71C48D327B85}
		{3E838F9D-7C99-45BC-AB13-E525881BFA41} = {0A715DE2-3B59-42B0-8708-156C468DC3EB}
		{AB94CABC-B32F-4DDE-ADEE-1B250E881AF7} = {44AE0CF5-0BDA-4836-9F80-08634FBAAE88}
		{ED5080C7-27C3-443B-89B1-2228B3F7D927} = {F574DB90-B414-4E7E-BE0D-3DB4A18B4286}
		{4DF04C2C-2873-480A-971B-F944CC724031} = {3A8B883A-7299-42E9-AFE1-920F41ACBB65}
		{9BE0F7C3-3C45-4286-8884-5F0F8EBAE967} = {3A8B883A-7299-42E9-AFE1-920F41ACBB65}
		{41DC11DC-BEB6-47C4-B3DF-6D37686E15D4} = {828AE98D-E78C-41A9-BABE-7BB6713F656B}
		{F0A02BC0-91EE-410D-8939-8589173DBB92} = {828AE98D-E78C-41A9-BABE-7BB6713F656B}
	EndGlobalSection
	GlobalSection(ProjectConfigurationPlatforms) = postSolution
		{38EAD71D-60EB-4A01-9A6E-F79CD8C50CE1}.Debug|Any CPU.ActiveCfg = Debug|Any CPU
		{38EAD71D-60EB-4A01-9A6E-F79CD8C50CE1}.Debug|Any CPU.Build.0 = Debug|Any CPU
		{38EAD71D-60EB-4A01-9A6E-F79CD8C50CE1}.Debug|x64.ActiveCfg = Debug|Any CPU
		{38EAD71D-60EB-4A01-9A6E-F79CD8C50CE1}.Debug|x64.Build.0 = Debug|Any CPU
		{38EAD71D-60EB-4A01-9A6E-F79CD8C50CE1}.Debug|x86.ActiveCfg = Debug|Any CPU
		{38EAD71D-60EB-4A01-9A6E-F79CD8C50CE1}.Debug|x86.Build.0 = Debug|Any CPU
		{38EAD71D-60EB-4A01-9A6E-F79CD8C50CE1}.Release|Any CPU.ActiveCfg = Release|Any CPU
		{38EAD71D-60EB-4A01-9A6E-F79CD8C50CE1}.Release|Any CPU.Build.0 = Release|Any CPU
		{38EAD71D-60EB-4A01-9A6E-F79CD8C50CE1}.Release|x64.ActiveCfg = Release|Any CPU
		{38EAD71D-60EB-4A01-9A6E-F79CD8C50CE1}.Release|x64.Build.0 = Release|Any CPU
		{38EAD71D-60EB-4A01-9A6E-F79CD8C50CE1}.Release|x86.ActiveCfg = Release|Any CPU
		{38EAD71D-60EB-4A01-9A6E-F79CD8C50CE1}.Release|x86.Build.0 = Release|Any CPU
		{CA6EC545-F275-47E9-AC9D-0F65E6AB8F01}.Debug|Any CPU.ActiveCfg = Debug|Any CPU
		{CA6EC545-F275-47E9-AC9D-0F65E6AB8F01}.Debug|Any CPU.Build.0 = Debug|Any CPU
		{CA6EC545-F275-47E9-AC9D-0F65E6AB8F01}.Debug|x64.ActiveCfg = Debug|Any CPU
		{CA6EC545-F275-47E9-AC9D-0F65E6AB8F01}.Debug|x64.Build.0 = Debug|Any CPU
		{CA6EC545-F275-47E9-AC9D-0F65E6AB8F01}.Debug|x86.ActiveCfg = Debug|Any CPU
		{CA6EC545-F275-47E9-AC9D-0F65E6AB8F01}.Debug|x86.Build.0 = Debug|Any CPU
		{CA6EC545-F275-47E9-AC9D-0F65E6AB8F01}.Release|Any CPU.ActiveCfg = Release|Any CPU
		{CA6EC545-F275-47E9-AC9D-0F65E6AB8F01}.Release|Any CPU.Build.0 = Release|Any CPU
		{CA6EC545-F275-47E9-AC9D-0F65E6AB8F01}.Release|x64.ActiveCfg = Release|Any CPU
		{CA6EC545-F275-47E9-AC9D-0F65E6AB8F01}.Release|x64.Build.0 = Release|Any CPU
		{CA6EC545-F275-47E9-AC9D-0F65E6AB8F01}.Release|x86.ActiveCfg = Release|Any CPU
		{CA6EC545-F275-47E9-AC9D-0F65E6AB8F01}.Release|x86.Build.0 = Release|Any CPU
		{BEEF9562-2AB8-4CB7-A498-8C223817CD37}.Debug|Any CPU.ActiveCfg = Debug|Any CPU
		{BEEF9562-2AB8-4CB7-A498-8C223817CD37}.Debug|Any CPU.Build.0 = Debug|Any CPU
		{BEEF9562-2AB8-4CB7-A498-8C223817CD37}.Debug|x64.ActiveCfg = Debug|Any CPU
		{BEEF9562-2AB8-4CB7-A498-8C223817CD37}.Debug|x64.Build.0 = Debug|Any CPU
		{BEEF9562-2AB8-4CB7-A498-8C223817CD37}.Debug|x86.ActiveCfg = Debug|Any CPU
		{BEEF9562-2AB8-4CB7-A498-8C223817CD37}.Debug|x86.Build.0 = Debug|Any CPU
		{BEEF9562-2AB8-4CB7-A498-8C223817CD37}.Release|Any CPU.ActiveCfg = Release|Any CPU
		{BEEF9562-2AB8-4CB7-A498-8C223817CD37}.Release|Any CPU.Build.0 = Release|Any CPU
		{BEEF9562-2AB8-4CB7-A498-8C223817CD37}.Release|x64.ActiveCfg = Release|Any CPU
		{BEEF9562-2AB8-4CB7-A498-8C223817CD37}.Release|x64.Build.0 = Release|Any CPU
		{BEEF9562-2AB8-4CB7-A498-8C223817CD37}.Release|x86.ActiveCfg = Release|Any CPU
		{BEEF9562-2AB8-4CB7-A498-8C223817CD37}.Release|x86.Build.0 = Release|Any CPU
		{A9A132E5-91DC-4E81-AEEB-43E0BC2F655A}.Debug|Any CPU.ActiveCfg = Debug|Any CPU
		{A9A132E5-91DC-4E81-AEEB-43E0BC2F655A}.Debug|Any CPU.Build.0 = Debug|Any CPU
		{A9A132E5-91DC-4E81-AEEB-43E0BC2F655A}.Debug|x64.ActiveCfg = Debug|Any CPU
		{A9A132E5-91DC-4E81-AEEB-43E0BC2F655A}.Debug|x64.Build.0 = Debug|Any CPU
		{A9A132E5-91DC-4E81-AEEB-43E0BC2F655A}.Debug|x86.ActiveCfg = Debug|Any CPU
		{A9A132E5-91DC-4E81-AEEB-43E0BC2F655A}.Debug|x86.Build.0 = Debug|Any CPU
		{A9A132E5-91DC-4E81-AEEB-43E0BC2F655A}.Release|Any CPU.ActiveCfg = Release|Any CPU
		{A9A132E5-91DC-4E81-AEEB-43E0BC2F655A}.Release|Any CPU.Build.0 = Release|Any CPU
		{A9A132E5-91DC-4E81-AEEB-43E0BC2F655A}.Release|x64.ActiveCfg = Release|Any CPU
		{A9A132E5-91DC-4E81-AEEB-43E0BC2F655A}.Release|x64.Build.0 = Release|Any CPU
		{A9A132E5-91DC-4E81-AEEB-43E0BC2F655A}.Release|x86.ActiveCfg = Release|Any CPU
		{A9A132E5-91DC-4E81-AEEB-43E0BC2F655A}.Release|x86.Build.0 = Release|Any CPU
		{ABEFE596-C0E6-4FC0-9014-695B17C40DAA}.Debug|Any CPU.ActiveCfg = Debug|Any CPU
		{ABEFE596-C0E6-4FC0-9014-695B17C40DAA}.Debug|Any CPU.Build.0 = Debug|Any CPU
		{ABEFE596-C0E6-4FC0-9014-695B17C40DAA}.Debug|x64.ActiveCfg = Debug|Any CPU
		{ABEFE596-C0E6-4FC0-9014-695B17C40DAA}.Debug|x64.Build.0 = Debug|Any CPU
		{ABEFE596-C0E6-4FC0-9014-695B17C40DAA}.Debug|x86.ActiveCfg = Debug|Any CPU
		{ABEFE596-C0E6-4FC0-9014-695B17C40DAA}.Debug|x86.Build.0 = Debug|Any CPU
		{ABEFE596-C0E6-4FC0-9014-695B17C40DAA}.Release|Any CPU.ActiveCfg = Release|Any CPU
		{ABEFE596-C0E6-4FC0-9014-695B17C40DAA}.Release|Any CPU.Build.0 = Release|Any CPU
		{ABEFE596-C0E6-4FC0-9014-695B17C40DAA}.Release|x64.ActiveCfg = Release|Any CPU
		{ABEFE596-C0E6-4FC0-9014-695B17C40DAA}.Release|x64.Build.0 = Release|Any CPU
		{ABEFE596-C0E6-4FC0-9014-695B17C40DAA}.Release|x86.ActiveCfg = Release|Any CPU
		{ABEFE596-C0E6-4FC0-9014-695B17C40DAA}.Release|x86.Build.0 = Release|Any CPU
		{B2C2F0AE-B5AA-41AB-B901-E037F77A97E2}.Debug|Any CPU.ActiveCfg = Debug|Any CPU
		{B2C2F0AE-B5AA-41AB-B901-E037F77A97E2}.Debug|Any CPU.Build.0 = Debug|Any CPU
		{B2C2F0AE-B5AA-41AB-B901-E037F77A97E2}.Debug|x64.ActiveCfg = Debug|Any CPU
		{B2C2F0AE-B5AA-41AB-B901-E037F77A97E2}.Debug|x64.Build.0 = Debug|Any CPU
		{B2C2F0AE-B5AA-41AB-B901-E037F77A97E2}.Debug|x86.ActiveCfg = Debug|Any CPU
		{B2C2F0AE-B5AA-41AB-B901-E037F77A97E2}.Debug|x86.Build.0 = Debug|Any CPU
		{B2C2F0AE-B5AA-41AB-B901-E037F77A97E2}.Release|Any CPU.ActiveCfg = Release|Any CPU
		{B2C2F0AE-B5AA-41AB-B901-E037F77A97E2}.Release|Any CPU.Build.0 = Release|Any CPU
		{B2C2F0AE-B5AA-41AB-B901-E037F77A97E2}.Release|x64.ActiveCfg = Release|Any CPU
		{B2C2F0AE-B5AA-41AB-B901-E037F77A97E2}.Release|x64.Build.0 = Release|Any CPU
		{B2C2F0AE-B5AA-41AB-B901-E037F77A97E2}.Release|x86.ActiveCfg = Release|Any CPU
		{B2C2F0AE-B5AA-41AB-B901-E037F77A97E2}.Release|x86.Build.0 = Release|Any CPU
		{BB5BB672-FFC1-4007-90C0-B01AF7503296}.Debug|Any CPU.ActiveCfg = Debug|Any CPU
		{BB5BB672-FFC1-4007-90C0-B01AF7503296}.Debug|Any CPU.Build.0 = Debug|Any CPU
		{BB5BB672-FFC1-4007-90C0-B01AF7503296}.Debug|x64.ActiveCfg = Debug|Any CPU
		{BB5BB672-FFC1-4007-90C0-B01AF7503296}.Debug|x64.Build.0 = Debug|Any CPU
		{BB5BB672-FFC1-4007-90C0-B01AF7503296}.Debug|x86.ActiveCfg = Debug|Any CPU
		{BB5BB672-FFC1-4007-90C0-B01AF7503296}.Debug|x86.Build.0 = Debug|Any CPU
		{BB5BB672-FFC1-4007-90C0-B01AF7503296}.Release|Any CPU.ActiveCfg = Release|Any CPU
		{BB5BB672-FFC1-4007-90C0-B01AF7503296}.Release|Any CPU.Build.0 = Release|Any CPU
		{BB5BB672-FFC1-4007-90C0-B01AF7503296}.Release|x64.ActiveCfg = Release|Any CPU
		{BB5BB672-FFC1-4007-90C0-B01AF7503296}.Release|x64.Build.0 = Release|Any CPU
		{BB5BB672-FFC1-4007-90C0-B01AF7503296}.Release|x86.ActiveCfg = Release|Any CPU
		{BB5BB672-FFC1-4007-90C0-B01AF7503296}.Release|x86.Build.0 = Release|Any CPU
		{4535987F-1299-4903-A0A0-E5CE5488EB01}.Debug|Any CPU.ActiveCfg = Debug|Any CPU
		{4535987F-1299-4903-A0A0-E5CE5488EB01}.Debug|Any CPU.Build.0 = Debug|Any CPU
		{4535987F-1299-4903-A0A0-E5CE5488EB01}.Debug|x64.ActiveCfg = Debug|Any CPU
		{4535987F-1299-4903-A0A0-E5CE5488EB01}.Debug|x64.Build.0 = Debug|Any CPU
		{4535987F-1299-4903-A0A0-E5CE5488EB01}.Debug|x86.ActiveCfg = Debug|Any CPU
		{4535987F-1299-4903-A0A0-E5CE5488EB01}.Debug|x86.Build.0 = Debug|Any CPU
		{4535987F-1299-4903-A0A0-E5CE5488EB01}.Release|Any CPU.ActiveCfg = Release|Any CPU
		{4535987F-1299-4903-A0A0-E5CE5488EB01}.Release|Any CPU.Build.0 = Release|Any CPU
		{4535987F-1299-4903-A0A0-E5CE5488EB01}.Release|x64.ActiveCfg = Release|Any CPU
		{4535987F-1299-4903-A0A0-E5CE5488EB01}.Release|x64.Build.0 = Release|Any CPU
		{4535987F-1299-4903-A0A0-E5CE5488EB01}.Release|x86.ActiveCfg = Release|Any CPU
		{4535987F-1299-4903-A0A0-E5CE5488EB01}.Release|x86.Build.0 = Release|Any CPU
		{A3A1C547-3C1D-45AA-A1F8-474B17865A8E}.Debug|Any CPU.ActiveCfg = Debug|Any CPU
		{A3A1C547-3C1D-45AA-A1F8-474B17865A8E}.Debug|Any CPU.Build.0 = Debug|Any CPU
		{A3A1C547-3C1D-45AA-A1F8-474B17865A8E}.Debug|x64.ActiveCfg = Debug|Any CPU
		{A3A1C547-3C1D-45AA-A1F8-474B17865A8E}.Debug|x64.Build.0 = Debug|Any CPU
		{A3A1C547-3C1D-45AA-A1F8-474B17865A8E}.Debug|x86.ActiveCfg = Debug|Any CPU
		{A3A1C547-3C1D-45AA-A1F8-474B17865A8E}.Debug|x86.Build.0 = Debug|Any CPU
		{A3A1C547-3C1D-45AA-A1F8-474B17865A8E}.Release|Any CPU.ActiveCfg = Release|Any CPU
		{A3A1C547-3C1D-45AA-A1F8-474B17865A8E}.Release|Any CPU.Build.0 = Release|Any CPU
		{A3A1C547-3C1D-45AA-A1F8-474B17865A8E}.Release|x64.ActiveCfg = Release|Any CPU
		{A3A1C547-3C1D-45AA-A1F8-474B17865A8E}.Release|x64.Build.0 = Release|Any CPU
		{A3A1C547-3C1D-45AA-A1F8-474B17865A8E}.Release|x86.ActiveCfg = Release|Any CPU
		{A3A1C547-3C1D-45AA-A1F8-474B17865A8E}.Release|x86.Build.0 = Release|Any CPU
		{3E838F9D-7C99-45BC-AB13-E525881BFA41}.Debug|Any CPU.ActiveCfg = Debug|Any CPU
		{3E838F9D-7C99-45BC-AB13-E525881BFA41}.Debug|Any CPU.Build.0 = Debug|Any CPU
		{3E838F9D-7C99-45BC-AB13-E525881BFA41}.Debug|x64.ActiveCfg = Debug|Any CPU
		{3E838F9D-7C99-45BC-AB13-E525881BFA41}.Debug|x64.Build.0 = Debug|Any CPU
		{3E838F9D-7C99-45BC-AB13-E525881BFA41}.Debug|x86.ActiveCfg = Debug|Any CPU
		{3E838F9D-7C99-45BC-AB13-E525881BFA41}.Debug|x86.Build.0 = Debug|Any CPU
		{3E838F9D-7C99-45BC-AB13-E525881BFA41}.Release|Any CPU.ActiveCfg = Release|Any CPU
		{3E838F9D-7C99-45BC-AB13-E525881BFA41}.Release|Any CPU.Build.0 = Release|Any CPU
		{3E838F9D-7C99-45BC-AB13-E525881BFA41}.Release|x64.ActiveCfg = Release|Any CPU
		{3E838F9D-7C99-45BC-AB13-E525881BFA41}.Release|x64.Build.0 = Release|Any CPU
		{3E838F9D-7C99-45BC-AB13-E525881BFA41}.Release|x86.ActiveCfg = Release|Any CPU
		{3E838F9D-7C99-45BC-AB13-E525881BFA41}.Release|x86.Build.0 = Release|Any CPU
		{AB94CABC-B32F-4DDE-ADEE-1B250E881AF7}.Debug|Any CPU.ActiveCfg = Debug|Any CPU
		{AB94CABC-B32F-4DDE-ADEE-1B250E881AF7}.Debug|Any CPU.Build.0 = Debug|Any CPU
		{AB94CABC-B32F-4DDE-ADEE-1B250E881AF7}.Debug|x64.ActiveCfg = Debug|Any CPU
		{AB94CABC-B32F-4DDE-ADEE-1B250E881AF7}.Debug|x64.Build.0 = Debug|Any CPU
		{AB94CABC-B32F-4DDE-ADEE-1B250E881AF7}.Debug|x86.ActiveCfg = Debug|Any CPU
		{AB94CABC-B32F-4DDE-ADEE-1B250E881AF7}.Debug|x86.Build.0 = Debug|Any CPU
		{AB94CABC-B32F-4DDE-ADEE-1B250E881AF7}.Release|Any CPU.ActiveCfg = Release|Any CPU
		{AB94CABC-B32F-4DDE-ADEE-1B250E881AF7}.Release|Any CPU.Build.0 = Release|Any CPU
		{AB94CABC-B32F-4DDE-ADEE-1B250E881AF7}.Release|x64.ActiveCfg = Release|Any CPU
		{AB94CABC-B32F-4DDE-ADEE-1B250E881AF7}.Release|x64.Build.0 = Release|Any CPU
		{AB94CABC-B32F-4DDE-ADEE-1B250E881AF7}.Release|x86.ActiveCfg = Release|Any CPU
		{AB94CABC-B32F-4DDE-ADEE-1B250E881AF7}.Release|x86.Build.0 = Release|Any CPU
		{ED5080C7-27C3-443B-89B1-2228B3F7D927}.Debug|Any CPU.ActiveCfg = Debug|Any CPU
		{ED5080C7-27C3-443B-89B1-2228B3F7D927}.Debug|Any CPU.Build.0 = Debug|Any CPU
		{ED5080C7-27C3-443B-89B1-2228B3F7D927}.Debug|x64.ActiveCfg = Debug|Any CPU
		{ED5080C7-27C3-443B-89B1-2228B3F7D927}.Debug|x64.Build.0 = Debug|Any CPU
		{ED5080C7-27C3-443B-89B1-2228B3F7D927}.Debug|x86.ActiveCfg = Debug|Any CPU
		{ED5080C7-27C3-443B-89B1-2228B3F7D927}.Debug|x86.Build.0 = Debug|Any CPU
		{ED5080C7-27C3-443B-89B1-2228B3F7D927}.Release|Any CPU.ActiveCfg = Release|Any CPU
		{ED5080C7-27C3-443B-89B1-2228B3F7D927}.Release|Any CPU.Build.0 = Release|Any CPU
		{ED5080C7-27C3-443B-89B1-2228B3F7D927}.Release|x64.ActiveCfg = Release|Any CPU
		{ED5080C7-27C3-443B-89B1-2228B3F7D927}.Release|x64.Build.0 = Release|Any CPU
		{ED5080C7-27C3-443B-89B1-2228B3F7D927}.Release|x86.ActiveCfg = Release|Any CPU
		{ED5080C7-27C3-443B-89B1-2228B3F7D927}.Release|x86.Build.0 = Release|Any CPU
		{4DF04C2C-2873-480A-971B-F944CC724031}.Debug|Any CPU.ActiveCfg = Debug|Any CPU
		{4DF04C2C-2873-480A-971B-F944CC724031}.Debug|Any CPU.Build.0 = Debug|Any CPU
		{4DF04C2C-2873-480A-971B-F944CC724031}.Debug|x64.ActiveCfg = Debug|Any CPU
		{4DF04C2C-2873-480A-971B-F944CC724031}.Debug|x64.Build.0 = Debug|Any CPU
		{4DF04C2C-2873-480A-971B-F944CC724031}.Debug|x86.ActiveCfg = Debug|Any CPU
		{4DF04C2C-2873-480A-971B-F944CC724031}.Debug|x86.Build.0 = Debug|Any CPU
		{4DF04C2C-2873-480A-971B-F944CC724031}.Release|Any CPU.ActiveCfg = Release|Any CPU
		{4DF04C2C-2873-480A-971B-F944CC724031}.Release|Any CPU.Build.0 = Release|Any CPU
		{4DF04C2C-2873-480A-971B-F944CC724031}.Release|x64.ActiveCfg = Release|Any CPU
		{4DF04C2C-2873-480A-971B-F944CC724031}.Release|x64.Build.0 = Release|Any CPU
		{4DF04C2C-2873-480A-971B-F944CC724031}.Release|x86.ActiveCfg = Release|Any CPU
		{4DF04C2C-2873-480A-971B-F944CC724031}.Release|x86.Build.0 = Release|Any CPU
		{9BE0F7C3-3C45-4286-8884-5F0F8EBAE967}.Debug|Any CPU.ActiveCfg = Debug|Any CPU
		{9BE0F7C3-3C45-4286-8884-5F0F8EBAE967}.Debug|Any CPU.Build.0 = Debug|Any CPU
		{9BE0F7C3-3C45-4286-8884-5F0F8EBAE967}.Debug|x64.ActiveCfg = Debug|Any CPU
		{9BE0F7C3-3C45-4286-8884-5F0F8EBAE967}.Debug|x64.Build.0 = Debug|Any CPU
		{9BE0F7C3-3C45-4286-8884-5F0F8EBAE967}.Debug|x86.ActiveCfg = Debug|Any CPU
		{9BE0F7C3-3C45-4286-8884-5F0F8EBAE967}.Debug|x86.Build.0 = Debug|Any CPU
		{9BE0F7C3-3C45-4286-8884-5F0F8EBAE967}.Release|Any CPU.ActiveCfg = Release|Any CPU
		{9BE0F7C3-3C45-4286-8884-5F0F8EBAE967}.Release|Any CPU.Build.0 = Release|Any CPU
		{9BE0F7C3-3C45-4286-8884-5F0F8EBAE967}.Release|x64.ActiveCfg = Release|Any CPU
		{9BE0F7C3-3C45-4286-8884-5F0F8EBAE967}.Release|x64.Build.0 = Release|Any CPU
		{9BE0F7C3-3C45-4286-8884-5F0F8EBAE967}.Release|x86.ActiveCfg = Release|Any CPU
		{9BE0F7C3-3C45-4286-8884-5F0F8EBAE967}.Release|x86.Build.0 = Release|Any CPU
		{E3A49F20-5038-4C9B-8D69-A1F5C857F549}.Debug|Any CPU.ActiveCfg = Debug|Any CPU
		{E3A49F20-5038-4C9B-8D69-A1F5C857F549}.Debug|Any CPU.Build.0 = Debug|Any CPU
		{E3A49F20-5038-4C9B-8D69-A1F5C857F549}.Debug|x64.ActiveCfg = Debug|Any CPU
		{E3A49F20-5038-4C9B-8D69-A1F5C857F549}.Debug|x64.Build.0 = Debug|Any CPU
		{E3A49F20-5038-4C9B-8D69-A1F5C857F549}.Debug|x86.ActiveCfg = Debug|Any CPU
		{E3A49F20-5038-4C9B-8D69-A1F5C857F549}.Debug|x86.Build.0 = Debug|Any CPU
		{E3A49F20-5038-4C9B-8D69-A1F5C857F549}.Release|Any CPU.ActiveCfg = Release|Any CPU
		{E3A49F20-5038-4C9B-8D69-A1F5C857F549}.Release|Any CPU.Build.0 = Release|Any CPU
		{E3A49F20-5038-4C9B-8D69-A1F5C857F549}.Release|x64.ActiveCfg = Release|Any CPU
		{E3A49F20-5038-4C9B-8D69-A1F5C857F549}.Release|x64.Build.0 = Release|Any CPU
		{E3A49F20-5038-4C9B-8D69-A1F5C857F549}.Release|x86.ActiveCfg = Release|Any CPU
		{E3A49F20-5038-4C9B-8D69-A1F5C857F549}.Release|x86.Build.0 = Release|Any CPU
		{41DC11DC-BEB6-47C4-B3DF-6D37686E15D4}.Debug|Any CPU.ActiveCfg = Debug|Any CPU
		{41DC11DC-BEB6-47C4-B3DF-6D37686E15D4}.Debug|Any CPU.Build.0 = Debug|Any CPU
		{41DC11DC-BEB6-47C4-B3DF-6D37686E15D4}.Debug|x64.ActiveCfg = Debug|Any CPU
		{41DC11DC-BEB6-47C4-B3DF-6D37686E15D4}.Debug|x64.Build.0 = Debug|Any CPU
		{41DC11DC-BEB6-47C4-B3DF-6D37686E15D4}.Debug|x86.ActiveCfg = Debug|Any CPU
		{41DC11DC-BEB6-47C4-B3DF-6D37686E15D4}.Debug|x86.Build.0 = Debug|Any CPU
		{41DC11DC-BEB6-47C4-B3DF-6D37686E15D4}.Release|Any CPU.ActiveCfg = Release|Any CPU
		{41DC11DC-BEB6-47C4-B3DF-6D37686E15D4}.Release|Any CPU.Build.0 = Release|Any CPU
		{41DC11DC-BEB6-47C4-B3DF-6D37686E15D4}.Release|x64.ActiveCfg = Release|Any CPU
		{41DC11DC-BEB6-47C4-B3DF-6D37686E15D4}.Release|x64.Build.0 = Release|Any CPU
		{41DC11DC-BEB6-47C4-B3DF-6D37686E15D4}.Release|x86.ActiveCfg = Release|Any CPU
		{41DC11DC-BEB6-47C4-B3DF-6D37686E15D4}.Release|x86.Build.0 = Release|Any CPU
		{F0A02BC0-91EE-410D-8939-8589173DBB92}.Debug|Any CPU.ActiveCfg = Debug|Any CPU
		{F0A02BC0-91EE-410D-8939-8589173DBB92}.Debug|Any CPU.Build.0 = Debug|Any CPU
		{F0A02BC0-91EE-410D-8939-8589173DBB92}.Debug|x64.ActiveCfg = Debug|Any CPU
		{F0A02BC0-91EE-410D-8939-8589173DBB92}.Debug|x64.Build.0 = Debug|Any CPU
		{F0A02BC0-91EE-410D-8939-8589173DBB92}.Debug|x86.ActiveCfg = Debug|Any CPU
		{F0A02BC0-91EE-410D-8939-8589173DBB92}.Debug|x86.Build.0 = Debug|Any CPU
		{F0A02BC0-91EE-410D-8939-8589173DBB92}.Release|Any CPU.ActiveCfg = Release|Any CPU
		{F0A02BC0-91EE-410D-8939-8589173DBB92}.Release|Any CPU.Build.0 = Release|Any CPU
		{F0A02BC0-91EE-410D-8939-8589173DBB92}.Release|x64.ActiveCfg = Release|Any CPU
		{F0A02BC0-91EE-410D-8939-8589173DBB92}.Release|x64.Build.0 = Release|Any CPU
		{F0A02BC0-91EE-410D-8939-8589173DBB92}.Release|x86.ActiveCfg = Release|Any CPU
		{F0A02BC0-91EE-410D-8939-8589173DBB92}.Release|x86.Build.0 = Release|Any CPU
	EndGlobalSection
EndGlobal
