
Microsoft Visual Studio Solution File, Format Version 12.00
# Visual Studio 15
VisualStudioVersion = 15.0.26124.0
MinimumVisualStudioVersion = 15.0.26124.0
Project("{FAE04EC0-301F-11D3-BF4B-00C04F79EFBC}") = "Pinger", "Pinger\Pinger.csproj", "{934A50D0-59A2-4956-88CD-81C95A8222FC}"
EndProject
Project("{FAE04EC0-301F-11D3-BF4B-00C04F79EFBC}") = "Ponger", "Ponger\Ponger.csproj", "{C4064504-49E1-4736-BD2E-2D5C50559519}"
EndProject
Global
	GlobalSection(SolutionConfigurationPlatforms) = preSolution
		Debug|Any CPU = Debug|Any CPU
		Debug|x64 = Debug|x64
		Debug|x86 = Debug|x86
		Release|Any CPU = Release|Any CPU
		Release|x64 = Release|x64
		Release|x86 = Release|x86
	EndGlobalSection
	GlobalSection(SolutionProperties) = preSolution
		HideSolutionNode = FALSE
	EndGlobalSection
	GlobalSection(ProjectConfigurationPlatforms) = postSolution
		{934A50D0-59A2-4956-88CD-81C95A8222FC}.Debug|Any CPU.ActiveCfg = Debug|Any CPU
		{934A50D0-59A2-4956-88CD-81C95A8222FC}.Debug|Any CPU.Build.0 = Debug|Any CPU
		{934A50D0-59A2-4956-88CD-81C95A8222FC}.Debug|x64.ActiveCfg = Debug|Any CPU
		{934A50D0-59A2-4956-88CD-81C95A8222FC}.Debug|x64.Build.0 = Debug|Any CPU
		{934A50D0-59A2-4956-88CD-81C95A8222FC}.Debug|x86.ActiveCfg = Debug|Any CPU
		{934A50D0-59A2-4956-88CD-81C95A8222FC}.Debug|x86.Build.0 = Debug|Any CPU
		{934A50D0-59A2-4956-88CD-81C95A8222FC}.Release|Any CPU.ActiveCfg = Release|Any CPU
		{934A50D0-59A2-4956-88CD-81C95A8222FC}.Release|Any CPU.Build.0 = Release|Any CPU
		{934A50D0-59A2-4956-88CD-81C95A8222FC}.Release|x64.ActiveCfg = Release|Any CPU
		{934A50D0-59A2-4956-88CD-81C95A8222FC}.Release|x64.Build.0 = Release|Any CPU
		{934A50D0-59A2-4956-88CD-81C95A8222FC}.Release|x86.ActiveCfg = Release|Any CPU
		{934A50D0-59A2-4956-88CD-81C95A8222FC}.Release|x86.Build.0 = Release|Any CPU
		{C4064504-49E1-4736-BD2E-2D5C50559519}.Debug|Any CPU.ActiveCfg = Debug|Any CPU
		{C4064504-49E1-4736-BD2E-2D5C50559519}.Debug|Any CPU.Build.0 = Debug|Any CPU
		{C4064504-49E1-4736-BD2E-2D5C50559519}.Debug|x64.ActiveCfg = Debug|Any CPU
		{C4064504-49E1-4736-BD2E-2D5C50559519}.Debug|x64.Build.0 = Debug|Any CPU
		{C4064504-49E1-4736-BD2E-2D5C50559519}.Debug|x86.ActiveCfg = Debug|Any CPU
		{C4064504-49E1-4736-BD2E-2D5C50559519}.Debug|x86.Build.0 = Debug|Any CPU
		{C4064504-49E1-4736-BD2E-2D5C50559519}.Release|Any CPU.ActiveCfg = Release|Any CPU
		{C4064504-49E1-4736-BD2E-2D5C50559519}.Release|Any CPU.Build.0 = Release|Any CPU
		{C4064504-49E1-4736-BD2E-2D5C50559519}.Release|x64.ActiveCfg = Release|Any CPU
		{C4064504-49E1-4736-BD2E-2D5C50559519}.Release|x64.Build.0 = Release|Any CPU
		{C4064504-49E1-4736-BD2E-2D5C50559519}.Release|x86.ActiveCfg = Release|Any CPU
		{C4064504-49E1-4736-BD2E-2D5C50559519}.Release|x86.Build.0 = Release|Any CPU
	EndGlobalSection
EndGlobal
